// !$*UTF8*$!
{
	archiveVersion = 1;
	classes = {
	};
	objectVersion = 46;
	objects = {

/* Begin PBXBuildFile section */
		4299B5E61A8BE98A0016450B /* main.m in Sources */ = {isa = PBXBuildFile; fileRef = 4299B5E51A8BE98A0016450B /* main.m */; };
		4299B5F41A8BEB2C0016450B /* NSDateFormatter+ShortTimesForever.m in Sources */ = {isa = PBXBuildFile; fileRef = 4299B5F31A8BEB2C0016450B /* NSDateFormatter+ShortTimesForever.m */; };
/* End PBXBuildFile section */

/* Begin PBXCopyFilesBuildPhase section */
		4299B5E01A8BE98A0016450B /* CopyFiles */ = {
			isa = PBXCopyFilesBuildPhase;
			buildActionMask = 2147483647;
			dstPath = /usr/share/man/man1/;
			dstSubfolderSpec = 0;
			files = (
			);
			runOnlyForDeploymentPostprocessing = 1;
		};
/* End PBXCopyFilesBuildPhase section */

/* Begin PBXFileReference section */
		4299B5E21A8BE98A0016450B /* Swizzling */ = {isa = PBXFileReference; explicitFileType = "compiled.mach-o.executable"; includeInIndex = 0; path = Swizzling; sourceTree = BUILT_PRODUCTS_DIR; };
		4299B5E51A8BE98A0016450B /* main.m */ = {isa = PBXFileReference; lastKnownFileType = sourcecode.c.objc; path = main.m; sourceTree = "<group>"; };
		4299B5F31A8BEB2C0016450B /* NSDateFormatter+ShortTimesForever.m */ = {isa = PBXFileReference; fileEncoding = 4; lastKnownFileType = sourcecode.c.objc; path = "NSDateFormatter+ShortTimesForever.m"; sourceTree = "<group>"; };
		4299B5F51A8BEC670016450B /* NSDateFormatter+ShortTimesForever.h */ = {isa = PBXFileReference; fileEncoding = 4; lastKnownFileType = sourcecode.c.h; path = "NSDateFormatter+ShortTimesForever.h"; sourceTree = "<group>"; };
/* End PBXFileReference section */

/* Begin PBXFrameworksBuildPhase section */
		4299B5DF1A8BE98A0016450B /* Frameworks */ = {
			isa = PBXFrameworksBuildPhase;
			buildActionMask = 2147483647;
			files = (
			);
			runOnlyForDeploymentPostprocessing = 0;
		};
/* End PBXFrameworksBuildPhase section */

/* Begin PBXGroup section */
		4299B5D91A8BE98A0016450B = {
			isa = PBXGroup;
			children = (
				4299B5E41A8BE98A0016450B /* Swizzling */,
				4299B5E31A8BE98A0016450B /* Products */,
			);
			sourceTree = "<group>";
		};
		4299B5E31A8BE98A0016450B /* Products */ = {
			isa = PBXGroup;
			children = (
				4299B5E21A8BE98A0016450B /* Swizzling */,
			);
			name = Products;
			sourceTree = "<group>";
		};
		4299B5E41A8BE98A0016450B /* Swizzling */ = {
			isa = PBXGroup;
			children = (
				4299B5E51A8BE98A0016450B /* main.m */,
				4299B5F51A8BEC670016450B /* NSDateFormatter+ShortTimesForever.h */,
				4299B5F31A8BEB2C0016450B /* NSDateFormatter+ShortTimesForever.m */,
			);
			path = Swizzling;
			sourceTree = "<group>";
		};
/* End PBXGroup section */

/* Begin PBXNativeTarget section */
		4299B5E11A8BE98A0016450B /* Swizzling */ = {
			isa = PBXNativeTarget;
			buildConfigurationList = 4299B5E91A8BE98A0016450B /* Build configuration list for PBXNativeTarget "Swizzling" */;
			buildPhases = (
				4299B5DE1A8BE98A0016450B /* Sources */,
				4299B5DF1A8BE98A0016450B /* Frameworks */,
				4299B5E01A8BE98A0016450B /* CopyFiles */,
			);
			buildRules = (
			);
			dependencies = (
			);
			name = Swizzling;
			productName = Swizzling;
			productReference = 4299B5E21A8BE98A0016450B /* Swizzling */;
			productType = "com.apple.product-type.tool";
		};
/* End PBXNativeTarget section */

/* Begin PBXProject section */
		4299B5DA1A8BE98A0016450B /* Project object */ = {
			isa = PBXProject;
			attributes = {
				LastUpgradeCheck = 0610;
				ORGANIZATIONNAME = "notjosh, inc";
				TargetAttributes = {
					4299B5E11A8BE98A0016450B = {
						CreatedOnToolsVersion = 6.1.1;
					};
				};
			};
			buildConfigurationList = 4299B5DD1A8BE98A0016450B /* Build configuration list for PBXProject "Swizzling" */;
			compatibilityVersion = "Xcode 3.2";
			developmentRegion = English;
			hasScannedForEncodings = 0;
			knownRegions = (
				en,
			);
			mainGroup = 4299B5D91A8BE98A0016450B;
			productRefGroup = 4299B5E31A8BE98A0016450B /* Products */;
			projectDirPath = "";
			projectRoot = "";
			targets = (
				4299B5E11A8BE98A0016450B /* Swizzling */,
			);
		};
/* End PBXProject section */

/* Begin PBXSourcesBuildPhase section */
		4299B5DE1A8BE98A0016450B /* Sources */ = {
			isa = PBXSourcesBuildPhase;
			buildActionMask = 2147483647;
			files = (
				4299B5E61A8BE98A0016450B /* main.m in Sources */,
				4299B5F41A8BEB2C0016450B /* NSDateFormatter+ShortTimesForever.m in Sources */,
			);
			runOnlyForDeploymentPostprocessing = 0;
		};
/* End PBXSourcesBuildPhase section */

/* Begin XCBuildConfiguration section */
		4299B5E71A8BE98A0016450B /* Debug */ = {
			isa = XCBuildConfiguration;
			buildSettings = {
				ALWAYS_SEARCH_USER_PATHS = NO;
				CLANG_CXX_LANGUAGE_STANDARD = "gnu++0x";
				CLANG_CXX_LIBRARY = "libc++";
				CLANG_ENABLE_MODULES = YES;
				CLANG_ENABLE_OBJC_ARC = YES;
				CLANG_WARN_BOOL_CONVERSION = YES;
				CLANG_WARN_CONSTANT_CONVERSION = YES;
				CLANG_WARN_DIRECT_OBJC_ISA_USAGE = YES_ERROR;
				CLANG_WARN_EMPTY_BODY = YES;
				CLANG_WARN_ENUM_CONVERSION = YES;
				CLANG_WARN_INT_CONVERSION = YES;
				CLANG_WARN_OBJC_ROOT_CLASS = YES_ERROR;
				CLANG_WARN_UNREACHABLE_CODE = YES;
				CLANG_WARN__DUPLICATE_METHOD_MATCH = YES;
				COPY_PHASE_STRIP = NO;
				ENABLE_STRICT_OBJC_MSGSEND = YES;
				GCC_C_LANGUAGE_STANDARD = gnu99;
				GCC_DYNAMIC_NO_PIC = NO;
				GCC_OPTIMIZATION_LEVEL = 0;
				GCC_PREPROCESSOR_DEFINITIONS = (
					"DEBUG=1",
					"$(inherited)",
				);
				GCC_SYMBOLS_PRIVATE_EXTERN = NO;
				GCC_WARN_64_TO_32_BIT_CONVERSION = YES;
				GCC_WARN_ABOUT_RETURN_TYPE = YES_ERROR;
				GCC_WARN_UNDECLARED_SELECTOR = YES;
				GCC_WARN_UNINITIALIZED_AUTOS = YES_AGGRESSIVE;
				GCC_WARN_UNUSED_FUNCTION = YES;
				GCC_WARN_UNUSED_VARIABLE = YES;
				MACOSX_DEPLOYMENT_TARGET = 10.10;
				MTL_ENABLE_DEBUG_INFO = YES;
				ONLY_ACTIVE_ARCH = YES;
				SDKROOT = macosx;
			};
			name = Debug;
		};
		4299B5E81A8BE98A0016450B /* Release */ = {
			isa = XCBuildConfiguration;
			buildSettings = {
				ALWAYS_SEARCH_USER_PATHS = NO;
				CLANG_CXX_LANGUAGE_STANDARD = "gnu++0x";
				CLANG_CXX_LIBRARY = "libc++";
				CLANG_ENABLE_MODULES = YES;
				CLANG_ENABLE_OBJC_ARC = YES;
				CLANG_WARN_BOOL_CONVERSION = YES;
				CLANG_WARN_CONSTANT_CONVERSION = YES;
				CLANG_WARN_DIRECT_OBJC_ISA_USAGE = YES_ERROR;
				CLANG_WARN_EMPTY_BODY = YES;
				CLANG_WARN_ENUM_CONVERSION = YES;
				CLANG_WARN_INT_CONVERSION = YES;
				CLANG_WARN_OBJC_ROOT_CLASS = YES_ERROR;
				CLANG_WARN_UNREACHABLE_CODE = YES;
				CLANG_WARN__DUPLICATE_METHOD_MATCH = YES;
				COPY_PHASE_STRIP = YES;
				DEBUG_INFORMATION_FORMAT = "dwarf-with-dsym";
				ENABLE_NS_ASSERTIONS = NO;
				ENABLE_STRICT_OBJC_MSGSEND = YES;
				GCC_C_LANGUAGE_STANDARD = gnu99;
				GCC_WARN_64_TO_32_BIT_CONVERSION = YES;
				GCC_WARN_ABOUT_RETURN_TYPE = YES_ERROR;
				GCC_WARN_UNDECLARED_SELECTOR = YES;
				GCC_WARN_UNINITIALIZED_AUTOS = YES_AGGRESSIVE;
				GCC_WARN_UNUSED_FUNCTION = YES;
				GCC_WARN_UNUSED_VARIABLE = YES;
				MACOSX_DEPLOYMENT_TARGET = 10.10;
				MTL_ENABLE_DEBUG_INFO = NO;
				SDKROOT = macosx;
			};
			name = Release;
		};
		4299B5EA1A8BE98A0016450B /* Debug */ = {
			isa = XCBuildConfiguration;
			buildSettings = {
				PRODUCT_NAME = "$(TARGET_NAME)";
			};
			name = Debug;
		};
		4299B5EB1A8BE98A0016450B /* Release */ = {
			isa = XCBuildConfiguration;
			buildSettings = {
				PRODUCT_NAME = "$(TARGET_NAME)";
			};
			name = Release;
		};
/* End XCBuildConfiguration section */

/* Begin XCConfigurationList section */
		4299B5DD1A8BE98A0016450B /* Build configuration list for PBXProject "Swizzling" */ = {
			isa = XCConfigurationList;
			buildConfigurations = (
				4299B5E71A8BE98A0016450B /* Debug */,
				4299B5E81A8BE98A0016450B /* Release */,
			);
			defaultConfigurationIsVisible = 0;
			defaultConfigurationName = Release;
		};
		4299B5E91A8BE98A0016450B /* Build configuration list for PBXNativeTarget "Swizzling" */ = {
			isa = XCConfigurationList;
			buildConfigurations = (
				4299B5EA1A8BE98A0016450B /* Debug */,
				4299B5EB1A8BE98A0016450B /* Release */,
			);
			defaultConfigurationIsVisible = 0;
		};
/* End XCConfigurationList section */
	};
	rootObject = 4299B5DA1A8BE98A0016450B /* Project object */;
}
